<?xml version="1.0" encoding="utf-8"?>
<Project ToolsVersion="4.0" xmlns="http://schemas.microsoft.com/developer/msbuild/2003">
  <ItemGroup>
    <Filter Include="Source Files">
      <UniqueIdentifier>{4FC737F1-C7A5-4376-A066-2A32D752A2FF}</UniqueIdentifier>
      <Extensions>cpp;c;cc;cxx;c++;def;odl;idl;hpj;bat;asm;asmx</Extensions>
    </Filter>
    <Filter Include="Containers">
      <UniqueIdentifier>{d6b3f172-9402-47ee-a675-4f8157d32b29}</UniqueIdentifier>
    </Filter>
    <Filter Include="Source Files\TestedUnit">
      <UniqueIdentifier>{00734182-e405-41fc-a93e-5256a1a937ae}</UniqueIdentifier>
    </Filter>
  </ItemGroup>
  <ItemGroup>
    <ClCompile Include="main.cpp">
      <Filter>Source Files</Filter>
    </ClCompile>
    <ClCompile Include="ResourceManager.cpp">
      <Filter>Source Files</Filter>
    </ClCompile>
    <ClCompile Include="FileObserver.cpp">
      <Filter>Source Files</Filter>
    </ClCompile>
  </ItemGroup>
  <ItemGroup>
    <ClInclude Include="ResourceManager.h">
      <Filter>Source Files</Filter>
    </ClInclude>
    <ClInclude Include="FileUtility.h">
      <Filter>Source Files</Filter>
    </ClInclude>
    <ClInclude Include="InfoCodes.h">
      <Filter>Source Files</Filter>
    </ClInclude>
    <ClInclude Include="Array.h">
      <Filter>Containers</Filter>
    </ClInclude>
    <ClInclude Include="String.h">
      <Filter>Containers</Filter>
    </ClInclude>
    <ClInclude Include="FileObserver.h">
      <Filter>Source Files</Filter>
    </ClInclude>
    <ClInclude Include="Packer.h">
      <Filter>Source Files\TestedUnit</Filter>
    </ClInclude>
  </ItemGroup>
</Project>